// !$*UTF8*$!
{
	archiveVersion = 1;
	classes = {
	};
	objectVersion = 56;
	objects = {

/* Begin PBXBuildFile section */
		F304C9302BCA8C7B00D1F3B2 /* iDevApp.swift in Sources */ = {isa = PBXBuildFile; fileRef = F304C92F2BCA8C7B00D1F3B2 /* iDevApp.swift */; };
		F304C9322BCA8C7B00D1F3B2 /* ContentView.swift in Sources */ = {isa = PBXBuildFile; fileRef = F304C9312BCA8C7B00D1F3B2 /* ContentView.swift */; };
		F304C9342BCA8C7D00D1F3B2 /* Assets.xcassets in Resources */ = {isa = PBXBuildFile; fileRef = F304C9332BCA8C7D00D1F3B2 /* Assets.xcassets */; };
		F304C9382BCA8C7D00D1F3B2 /* Preview Assets.xcassets in Resources */ = {isa = PBXBuildFile; fileRef = F304C9372BCA8C7D00D1F3B2 /* Preview Assets.xcassets */; };
		F304C9412BCA8D5600D1F3B2 /* LaunchScreen.storyboard in Resources */ = {isa = PBXBuildFile; fileRef = F304C9402BCA8D5600D1F3B2 /* LaunchScreen.storyboard */; };
		F304C9432BCA8D6400D1F3B2 /* Localizable.xcstrings in Resources */ = {isa = PBXBuildFile; fileRef = F304C9422BCA8D6400D1F3B2 /* Localizable.xcstrings */; };
		F304C9482BCA8D9700D1F3B2 /* HomeView.swift in Sources */ = {isa = PBXBuildFile; fileRef = F304C9472BCA8D9700D1F3B2 /* HomeView.swift */; };
		F304C94A2BCA8DA900D1F3B2 /* ServicesView.swift in Sources */ = {isa = PBXBuildFile; fileRef = F304C9492BCA8DA900D1F3B2 /* ServicesView.swift */; };
		F304C94C2BCA8DAD00D1F3B2 /* SettingsView.swift in Sources */ = {isa = PBXBuildFile; fileRef = F304C94B2BCA8DAD00D1F3B2 /* SettingsView.swift */; };
		F304C94E2BCA8DED00D1F3B2 /* TabBarView.swift in Sources */ = {isa = PBXBuildFile; fileRef = F304C94D2BCA8DED00D1F3B2 /* TabBarView.swift */; };
		F309E1C72BD94CBE00B01E75 /* UIApplication.swift in Sources */ = {isa = PBXBuildFile; fileRef = F309E1C62BD94CBE00B01E75 /* UIApplication.swift */; };
		F35E10292BCBC64E0067D762 /* VisualEffectBlur.swift in Sources */ = {isa = PBXBuildFile; fileRef = F35E10282BCBC64E0067D762 /* VisualEffectBlur.swift */; };
		F360E5BB2BCA8E7A00632F9A /* GoogleService-Info.plist in Resources */ = {isa = PBXBuildFile; fileRef = F360E5BA2BCA8E7A00632F9A /* GoogleService-Info.plist */; };
		F360E5BE2BCA8F3600632F9A /* StoreKit.framework in Frameworks */ = {isa = PBXBuildFile; fileRef = F360E5BD2BCA8F3600632F9A /* StoreKit.framework */; };
		F360E5C42BCA934D00632F9A /* .gitignore in Resources */ = {isa = PBXBuildFile; fileRef = F360E5C32BCA934D00632F9A /* .gitignore */; };
		F360E5C82BCA93C900632F9A /* Config-Debug.xcconfig in Resources */ = {isa = PBXBuildFile; fileRef = F360E5C72BCA93C900632F9A /* Config-Debug.xcconfig */; };
		F360E5CB2BCA93F400632F9A /* Config-Staging.xcconfig in Resources */ = {isa = PBXBuildFile; fileRef = F360E5CA2BCA93F400632F9A /* Config-Staging.xcconfig */; };
		F360E5CD2BCA93FC00632F9A /* Config-Release.xcconfig in Resources */ = {isa = PBXBuildFile; fileRef = F360E5CC2BCA93FC00632F9A /* Config-Release.xcconfig */; };
		F360E5D42BCA9AD800632F9A /* FirebaseAuth in Frameworks */ = {isa = PBXBuildFile; productRef = F360E5D32BCA9AD800632F9A /* FirebaseAuth */; };
		F360E5D62BCA9AD800632F9A /* FirebaseMessaging in Frameworks */ = {isa = PBXBuildFile; productRef = F360E5D52BCA9AD800632F9A /* FirebaseMessaging */; };
		F371BA412BCAEA4E005D64CF /* GithubApiResponse.swift in Sources */ = {isa = PBXBuildFile; fileRef = F371BA402BCAEA4E005D64CF /* GithubApiResponse.swift */; };
		F371BA432BCAED4E005D64CF /* ServicesRowView.swift in Sources */ = {isa = PBXBuildFile; fileRef = F371BA422BCAED4E005D64CF /* ServicesRowView.swift */; };
		F371BA452BCAED72005D64CF /* ServicesVM.swift in Sources */ = {isa = PBXBuildFile; fileRef = F371BA442BCAED72005D64CF /* ServicesVM.swift */; };
		F371BA472BCAEDC9005D64CF /* Service.swift in Sources */ = {isa = PBXBuildFile; fileRef = F371BA462BCAEDC9005D64CF /* Service.swift */; };
		F371BA492BCAEEA4005D64CF /* ServicesManager.swift in Sources */ = {isa = PBXBuildFile; fileRef = F371BA482BCAEEA4005D64CF /* ServicesManager.swift */; };
		F371BA4C2BCAEF51005D64CF /* String.swift in Sources */ = {isa = PBXBuildFile; fileRef = F371BA4B2BCAEF51005D64CF /* String.swift */; };
		F371BA4F2BCAEF7C005D64CF /* ErrorMsg.swift in Sources */ = {isa = PBXBuildFile; fileRef = F371BA4E2BCAEF7C005D64CF /* ErrorMsg.swift */; };
		F371BA512BCAEFE5005D64CF /* SuccessMsg.swift in Sources */ = {isa = PBXBuildFile; fileRef = F371BA502BCAEFE5005D64CF /* SuccessMsg.swift */; };
		F3B44C6E2BCAC37C00C0F8DA /* TerminalView.swift in Sources */ = {isa = PBXBuildFile; fileRef = F3B44C6D2BCAC37C00C0F8DA /* TerminalView.swift */; };
		F3B44C722BCAC4BD00C0F8DA /* AddServicesListView.swift in Sources */ = {isa = PBXBuildFile; fileRef = F3B44C712BCAC4BD00C0F8DA /* AddServicesListView.swift */; };
/* End PBXBuildFile section */

/* Begin PBXFileReference section */
		F304C92F2BCA8C7B00D1F3B2 /* iDevApp.swift */ = {isa = PBXFileReference; lastKnownFileType = sourcecode.swift; path = iDevApp.swift; sourceTree = "<group>"; };
		F304C9312BCA8C7B00D1F3B2 /* ContentView.swift */ = {isa = PBXFileReference; lastKnownFileType = sourcecode.swift; path = ContentView.swift; sourceTree = "<group>"; };
		F304C9332BCA8C7D00D1F3B2 /* Assets.xcassets */ = {isa = PBXFileReference; lastKnownFileType = folder.assetcatalog; path = Assets.xcassets; sourceTree = "<group>"; };
		F304C9352BCA8C7D00D1F3B2 /* iDev.entitlements */ = {isa = PBXFileReference; lastKnownFileType = text.plist.entitlements; path = iDev.entitlements; sourceTree = "<group>"; };
		F304C9372BCA8C7D00D1F3B2 /* Preview Assets.xcassets */ = {isa = PBXFileReference; lastKnownFileType = folder.assetcatalog; path = "Preview Assets.xcassets"; sourceTree = "<group>"; };
		F304C9402BCA8D5600D1F3B2 /* LaunchScreen.storyboard */ = {isa = PBXFileReference; lastKnownFileType = file.storyboard; path = LaunchScreen.storyboard; sourceTree = "<group>"; };
		F304C9422BCA8D6400D1F3B2 /* Localizable.xcstrings */ = {isa = PBXFileReference; lastKnownFileType = text.json.xcstrings; path = Localizable.xcstrings; sourceTree = "<group>"; };
		F304C9472BCA8D9700D1F3B2 /* HomeView.swift */ = {isa = PBXFileReference; fileEncoding = 4; lastKnownFileType = sourcecode.swift; path = HomeView.swift; sourceTree = "<group>"; };
		F304C9492BCA8DA900D1F3B2 /* ServicesView.swift */ = {isa = PBXFileReference; fileEncoding = 4; lastKnownFileType = sourcecode.swift; path = ServicesView.swift; sourceTree = "<group>"; };
		F304C94B2BCA8DAD00D1F3B2 /* SettingsView.swift */ = {isa = PBXFileReference; fileEncoding = 4; lastKnownFileType = sourcecode.swift; path = SettingsView.swift; sourceTree = "<group>"; };
		F304C94D2BCA8DED00D1F3B2 /* TabBarView.swift */ = {isa = PBXFileReference; lastKnownFileType = sourcecode.swift; path = TabBarView.swift; sourceTree = "<group>"; };
		F309E1C62BD94CBE00B01E75 /* UIApplication.swift */ = {isa = PBXFileReference; lastKnownFileType = sourcecode.swift; path = UIApplication.swift; sourceTree = "<group>"; };
		F35E10272BCBC4BA0067D762 /* iDev.app */ = {isa = PBXFileReference; explicitFileType = wrapper.application; includeInIndex = 0; name = iDev.app; path = /Users/bekroz/Projects/Personal/isoft/apps/idev/ios/build/Debug/iDev.app; sourceTree = "<absolute>"; };
		F35E10282BCBC64E0067D762 /* VisualEffectBlur.swift */ = {isa = PBXFileReference; lastKnownFileType = sourcecode.swift; path = VisualEffectBlur.swift; sourceTree = "<group>"; };
		F360E5BA2BCA8E7A00632F9A /* GoogleService-Info.plist */ = {isa = PBXFileReference; fileEncoding = 4; lastKnownFileType = text.plist.xml; path = "GoogleService-Info.plist"; sourceTree = "<group>"; };
		F360E5BD2BCA8F3600632F9A /* StoreKit.framework */ = {isa = PBXFileReference; lastKnownFileType = wrapper.framework; name = StoreKit.framework; path = System/Library/Frameworks/StoreKit.framework; sourceTree = SDKROOT; };
		F360E5C12BCA925200632F9A /* Info.plist */ = {isa = PBXFileReference; fileEncoding = 4; lastKnownFileType = text.plist.xml; path = Info.plist; sourceTree = "<group>"; };
		F360E5C32BCA934D00632F9A /* .gitignore */ = {isa = PBXFileReference; fileEncoding = 4; lastKnownFileType = text; path = .gitignore; sourceTree = "<group>"; };
		F360E5C72BCA93C900632F9A /* Config-Debug.xcconfig */ = {isa = PBXFileReference; lastKnownFileType = text.xcconfig; path = "Config-Debug.xcconfig"; sourceTree = "<group>"; };
		F360E5CA2BCA93F400632F9A /* Config-Staging.xcconfig */ = {isa = PBXFileReference; lastKnownFileType = text.xcconfig; path = "Config-Staging.xcconfig"; sourceTree = "<group>"; };
		F360E5CC2BCA93FC00632F9A /* Config-Release.xcconfig */ = {isa = PBXFileReference; lastKnownFileType = text.xcconfig; path = "Config-Release.xcconfig"; sourceTree = "<group>"; };
		F371BA402BCAEA4E005D64CF /* GithubApiResponse.swift */ = {isa = PBXFileReference; lastKnownFileType = sourcecode.swift; path = GithubApiResponse.swift; sourceTree = "<group>"; };
		F371BA422BCAED4E005D64CF /* ServicesRowView.swift */ = {isa = PBXFileReference; lastKnownFileType = sourcecode.swift; path = ServicesRowView.swift; sourceTree = "<group>"; };
		F371BA442BCAED72005D64CF /* ServicesVM.swift */ = {isa = PBXFileReference; lastKnownFileType = sourcecode.swift; path = ServicesVM.swift; sourceTree = "<group>"; };
		F371BA462BCAEDC9005D64CF /* Service.swift */ = {isa = PBXFileReference; lastKnownFileType = sourcecode.swift; path = Service.swift; sourceTree = "<group>"; };
		F371BA482BCAEEA4005D64CF /* ServicesManager.swift */ = {isa = PBXFileReference; lastKnownFileType = sourcecode.swift; path = ServicesManager.swift; sourceTree = "<group>"; };
		F371BA4B2BCAEF51005D64CF /* String.swift */ = {isa = PBXFileReference; lastKnownFileType = sourcecode.swift; path = String.swift; sourceTree = "<group>"; };
		F371BA4E2BCAEF7C005D64CF /* ErrorMsg.swift */ = {isa = PBXFileReference; lastKnownFileType = sourcecode.swift; path = ErrorMsg.swift; sourceTree = "<group>"; };
		F371BA502BCAEFE5005D64CF /* SuccessMsg.swift */ = {isa = PBXFileReference; lastKnownFileType = sourcecode.swift; path = SuccessMsg.swift; sourceTree = "<group>"; };
		F3B44C6D2BCAC37C00C0F8DA /* TerminalView.swift */ = {isa = PBXFileReference; lastKnownFileType = sourcecode.swift; path = TerminalView.swift; sourceTree = "<group>"; };
		F3B44C712BCAC4BD00C0F8DA /* AddServicesListView.swift */ = {isa = PBXFileReference; lastKnownFileType = sourcecode.swift; path = AddServicesListView.swift; sourceTree = "<group>"; };
/* End PBXFileReference section */

/* Begin PBXFrameworksBuildPhase section */
		F304C9292BCA8C7B00D1F3B2 /* Frameworks */ = {
			isa = PBXFrameworksBuildPhase;
			buildActionMask = 2147483647;
			files = (
				F360E5D62BCA9AD800632F9A /* FirebaseMessaging in Frameworks */,
				F360E5BE2BCA8F3600632F9A /* StoreKit.framework in Frameworks */,
				F360E5D42BCA9AD800632F9A /* FirebaseAuth in Frameworks */,
			);
			runOnlyForDeploymentPostprocessing = 0;
		};
/* End PBXFrameworksBuildPhase section */

/* Begin PBXGroup section */
		F304C9232BCA8C7B00D1F3B2 = {
			isa = PBXGroup;
			children = (
				F304C92E2BCA8C7B00D1F3B2 /* iDev */,
				F360E5BC2BCA8F3600632F9A /* Frameworks */,
			);
			sourceTree = "<group>";
		};
		F304C92E2BCA8C7B00D1F3B2 /* iDev */ = {
			isa = PBXGroup;
			children = (
				F360E5C12BCA925200632F9A /* Info.plist */,
				F360E5BA2BCA8E7A00632F9A /* GoogleService-Info.plist */,
				F304C92F2BCA8C7B00D1F3B2 /* iDevApp.swift */,
				F304C9312BCA8C7B00D1F3B2 /* ContentView.swift */,
				F371BA4D2BCAEF73005D64CF /* Constants */,
				F371BA4A2BCAEF4B005D64CF /* Extensions */,
				F360E5C62BCA93BF00632F9A /* Configs */,
				F360E5C52BCA939D00632F9A /* Secrets */,
				F371BA3F2BCAEA36005D64CF /* Managers */,
				F371BA3D2BCAEA1F005D64CF /* Models */,
				F3B44C702BCAC3F300C0F8DA /* Views */,
				F371BA3E2BCAEA24005D64CF /* ViewModels */,
				F304C9402BCA8D5600D1F3B2 /* LaunchScreen.storyboard */,
				F304C9422BCA8D6400D1F3B2 /* Localizable.xcstrings */,
				F304C9332BCA8C7D00D1F3B2 /* Assets.xcassets */,
				F304C9352BCA8C7D00D1F3B2 /* iDev.entitlements */,
				F360E5C32BCA934D00632F9A /* .gitignore */,
				F304C9362BCA8C7D00D1F3B2 /* Preview Content */,
			);
			path = iDev;
			sourceTree = "<group>";
		};
		F304C9362BCA8C7D00D1F3B2 /* Preview Content */ = {
			isa = PBXGroup;
			children = (
				F304C9372BCA8C7D00D1F3B2 /* Preview Assets.xcassets */,
			);
			path = "Preview Content";
			sourceTree = "<group>";
		};
		F304C9442BCA8D6E00D1F3B2 /* Main */ = {
			isa = PBXGroup;
			children = (
				F3B44C6C2BCAC36400C0F8DA /* Tabs */,
				F3B44C712BCAC4BD00C0F8DA /* AddServicesListView.swift */,
			);
			path = Main;
			sourceTree = "<group>";
		};
		F35AA6F52BCAC282006C6918 /* Components */ = {
			isa = PBXGroup;
			children = (
				F371BA422BCAED4E005D64CF /* ServicesRowView.swift */,
				F35E10282BCBC64E0067D762 /* VisualEffectBlur.swift */,
			);
			path = Components;
			sourceTree = "<group>";
		};
		F360E5BC2BCA8F3600632F9A /* Frameworks */ = {
			isa = PBXGroup;
			children = (
				F360E5BD2BCA8F3600632F9A /* StoreKit.framework */,
			);
			name = Frameworks;
			sourceTree = "<group>";
		};
		F360E5C52BCA939D00632F9A /* Secrets */ = {
			isa = PBXGroup;
			children = (
			);
			path = Secrets;
			sourceTree = "<group>";
		};
		F360E5C62BCA93BF00632F9A /* Configs */ = {
			isa = PBXGroup;
			children = (
				F360E5C72BCA93C900632F9A /* Config-Debug.xcconfig */,
				F360E5CA2BCA93F400632F9A /* Config-Staging.xcconfig */,
				F360E5CC2BCA93FC00632F9A /* Config-Release.xcconfig */,
			);
			path = Configs;
			sourceTree = "<group>";
		};
		F371BA3D2BCAEA1F005D64CF /* Models */ = {
			isa = PBXGroup;
			children = (
				F371BA402BCAEA4E005D64CF /* GithubApiResponse.swift */,
				F371BA462BCAEDC9005D64CF /* Service.swift */,
			);
			path = Models;
			sourceTree = "<group>";
		};
		F371BA3E2BCAEA24005D64CF /* ViewModels */ = {
			isa = PBXGroup;
			children = (
				F371BA442BCAED72005D64CF /* ServicesVM.swift */,
			);
			path = ViewModels;
			sourceTree = "<group>";
		};
		F371BA3F2BCAEA36005D64CF /* Managers */ = {
			isa = PBXGroup;
			children = (
				F371BA482BCAEEA4005D64CF /* ServicesManager.swift */,
			);
			path = Managers;
			sourceTree = "<group>";
		};
		F371BA4A2BCAEF4B005D64CF /* Extensions */ = {
			isa = PBXGroup;
			children = (
				F371BA4B2BCAEF51005D64CF /* String.swift */,
				F309E1C62BD94CBE00B01E75 /* UIApplication.swift */,
			);
			path = Extensions;
			sourceTree = "<group>";
		};
		F371BA4D2BCAEF73005D64CF /* Constants */ = {
			isa = PBXGroup;
			children = (
				F371BA4E2BCAEF7C005D64CF /* ErrorMsg.swift */,
				F371BA502BCAEFE5005D64CF /* SuccessMsg.swift */,
			);
			path = Constants;
			sourceTree = "<group>";
		};
		F3B44C6C2BCAC36400C0F8DA /* Tabs */ = {
			isa = PBXGroup;
			children = (
				F304C94D2BCA8DED00D1F3B2 /* TabBarView.swift */,
				F304C9472BCA8D9700D1F3B2 /* HomeView.swift */,
				F304C9492BCA8DA900D1F3B2 /* ServicesView.swift */,
				F3B44C6D2BCAC37C00C0F8DA /* TerminalView.swift */,
				F304C94B2BCA8DAD00D1F3B2 /* SettingsView.swift */,
			);
			path = Tabs;
			sourceTree = "<group>";
		};
		F3B44C702BCAC3F300C0F8DA /* Views */ = {
			isa = PBXGroup;
			children = (
				F35AA6F52BCAC282006C6918 /* Components */,
				F304C9442BCA8D6E00D1F3B2 /* Main */,
			);
			path = Views;
			sourceTree = "<group>";
		};
/* End PBXGroup section */

/* Begin PBXNativeTarget section */
		F304C92B2BCA8C7B00D1F3B2 /* iDev */ = {
			isa = PBXNativeTarget;
			buildConfigurationList = F304C93B2BCA8C7D00D1F3B2 /* Build configuration list for PBXNativeTarget "iDev" */;
			buildPhases = (
				F304C9282BCA8C7B00D1F3B2 /* Sources */,
				F304C9292BCA8C7B00D1F3B2 /* Frameworks */,
				F304C92A2BCA8C7B00D1F3B2 /* Resources */,
			);
			buildRules = (
			);
			dependencies = (
			);
			name = iDev;
			packageProductDependencies = (
				F360E5D32BCA9AD800632F9A /* FirebaseAuth */,
				F360E5D52BCA9AD800632F9A /* FirebaseMessaging */,
			);
			productName = iDev;
			productReference = F35E10272BCBC4BA0067D762 /* iDev.app */;
			productType = "com.apple.product-type.application";
		};
/* End PBXNativeTarget section */

/* Begin PBXProject section */
		F304C9242BCA8C7B00D1F3B2 /* Project object */ = {
			isa = PBXProject;
			attributes = {
				BuildIndependentTargetsInParallel = 1;
				LastSwiftUpdateCheck = 1530;
				LastUpgradeCheck = 1530;
				TargetAttributes = {
					F304C92B2BCA8C7B00D1F3B2 = {
						CreatedOnToolsVersion = 15.3;
					};
				};
			};
			buildConfigurationList = F304C9272BCA8C7B00D1F3B2 /* Build configuration list for PBXProject "iDev" */;
			compatibilityVersion = "Xcode 14.0";
			developmentRegion = en;
			hasScannedForEncodings = 0;
			knownRegions = (
				en,
				Base,
			);
			mainGroup = F304C9232BCA8C7B00D1F3B2;
			packageReferences = (
				F360E5D22BCA9AC000632F9A /* XCRemoteSwiftPackageReference "firebase-ios-sdk" */,
			);
			productRefGroup = F304C9232BCA8C7B00D1F3B2;
			projectDirPath = "";
			projectRoot = "";
			targets = (
				F304C92B2BCA8C7B00D1F3B2 /* iDev */,
			);
		};
/* End PBXProject section */

/* Begin PBXResourcesBuildPhase section */
		F304C92A2BCA8C7B00D1F3B2 /* Resources */ = {
			isa = PBXResourcesBuildPhase;
			buildActionMask = 2147483647;
			files = (
				F304C9382BCA8C7D00D1F3B2 /* Preview Assets.xcassets in Resources */,
				F304C9432BCA8D6400D1F3B2 /* Localizable.xcstrings in Resources */,
				F304C9412BCA8D5600D1F3B2 /* LaunchScreen.storyboard in Resources */,
				F360E5BB2BCA8E7A00632F9A /* GoogleService-Info.plist in Resources */,
				F304C9342BCA8C7D00D1F3B2 /* Assets.xcassets in Resources */,
				F360E5C42BCA934D00632F9A /* .gitignore in Resources */,
				F360E5C82BCA93C900632F9A /* Config-Debug.xcconfig in Resources */,
				F360E5CD2BCA93FC00632F9A /* Config-Release.xcconfig in Resources */,
				F360E5CB2BCA93F400632F9A /* Config-Staging.xcconfig in Resources */,
			);
			runOnlyForDeploymentPostprocessing = 0;
		};
/* End PBXResourcesBuildPhase section */

/* Begin PBXSourcesBuildPhase section */
		F304C9282BCA8C7B00D1F3B2 /* Sources */ = {
			isa = PBXSourcesBuildPhase;
			buildActionMask = 2147483647;
			files = (
				F3B44C722BCAC4BD00C0F8DA /* AddServicesListView.swift in Sources */,
				F304C94A2BCA8DA900D1F3B2 /* ServicesView.swift in Sources */,
				F371BA492BCAEEA4005D64CF /* ServicesManager.swift in Sources */,
				F371BA4F2BCAEF7C005D64CF /* ErrorMsg.swift in Sources */,
				F3B44C6E2BCAC37C00C0F8DA /* TerminalView.swift in Sources */,
				F371BA4C2BCAEF51005D64CF /* String.swift in Sources */,
				F35E10292BCBC64E0067D762 /* VisualEffectBlur.swift in Sources */,
				F371BA432BCAED4E005D64CF /* ServicesRowView.swift in Sources */,
				F304C9322BCA8C7B00D1F3B2 /* ContentView.swift in Sources */,
				F371BA472BCAEDC9005D64CF /* Service.swift in Sources */,
				F304C9482BCA8D9700D1F3B2 /* HomeView.swift in Sources */,
				F304C94C2BCA8DAD00D1F3B2 /* SettingsView.swift in Sources */,
				F371BA512BCAEFE5005D64CF /* SuccessMsg.swift in Sources */,
				F371BA452BCAED72005D64CF /* ServicesVM.swift in Sources */,
				F309E1C72BD94CBE00B01E75 /* UIApplication.swift in Sources */,
				F371BA412BCAEA4E005D64CF /* GithubApiResponse.swift in Sources */,
				F304C94E2BCA8DED00D1F3B2 /* TabBarView.swift in Sources */,
				F304C9302BCA8C7B00D1F3B2 /* iDevApp.swift in Sources */,
			);
			runOnlyForDeploymentPostprocessing = 0;
		};
/* End PBXSourcesBuildPhase section */

/* Begin XCBuildConfiguration section */
		F304C9392BCA8C7D00D1F3B2 /* Debug */ = {
			isa = XCBuildConfiguration;
			baseConfigurationReference = F360E5C72BCA93C900632F9A /* Config-Debug.xcconfig */;
			buildSettings = {
				ALWAYS_SEARCH_USER_PATHS = NO;
				ASSETCATALOG_COMPILER_GENERATE_SWIFT_ASSET_SYMBOL_EXTENSIONS = YES;
				CLANG_ANALYZER_NONNULL = YES;
				CLANG_ANALYZER_NUMBER_OBJECT_CONVERSION = YES_AGGRESSIVE;
				CLANG_CXX_LANGUAGE_STANDARD = "gnu++20";
				CLANG_ENABLE_MODULES = YES;
				CLANG_ENABLE_OBJC_ARC = YES;
				CLANG_ENABLE_OBJC_WEAK = YES;
				CLANG_WARN_BLOCK_CAPTURE_AUTORELEASING = YES;
				CLANG_WARN_BOOL_CONVERSION = YES;
				CLANG_WARN_COMMA = YES;
				CLANG_WARN_CONSTANT_CONVERSION = YES;
				CLANG_WARN_DEPRECATED_OBJC_IMPLEMENTATIONS = YES;
				CLANG_WARN_DIRECT_OBJC_ISA_USAGE = YES_ERROR;
				CLANG_WARN_DOCUMENTATION_COMMENTS = YES;
				CLANG_WARN_EMPTY_BODY = YES;
				CLANG_WARN_ENUM_CONVERSION = YES;
				CLANG_WARN_INFINITE_RECURSION = YES;
				CLANG_WARN_INT_CONVERSION = YES;
				CLANG_WARN_NON_LITERAL_NULL_CONVERSION = YES;
				CLANG_WARN_OBJC_IMPLICIT_RETAIN_SELF = YES;
				CLANG_WARN_OBJC_LITERAL_CONVERSION = YES;
				CLANG_WARN_OBJC_ROOT_CLASS = YES_ERROR;
				CLANG_WARN_QUOTED_INCLUDE_IN_FRAMEWORK_HEADER = YES;
				CLANG_WARN_RANGE_LOOP_ANALYSIS = YES;
				CLANG_WARN_STRICT_PROTOTYPES = YES;
				CLANG_WARN_SUSPICIOUS_MOVE = YES;
				CLANG_WARN_UNGUARDED_AVAILABILITY = YES_AGGRESSIVE;
				CLANG_WARN_UNREACHABLE_CODE = YES;
				CLANG_WARN__DUPLICATE_METHOD_MATCH = YES;
				COPY_PHASE_STRIP = NO;
				DEBUG_INFORMATION_FORMAT = dwarf;
				ENABLE_STRICT_OBJC_MSGSEND = YES;
				ENABLE_TESTABILITY = YES;
				ENABLE_USER_SCRIPT_SANDBOXING = YES;
				GCC_C_LANGUAGE_STANDARD = gnu17;
				GCC_DYNAMIC_NO_PIC = NO;
				GCC_NO_COMMON_BLOCKS = YES;
				GCC_OPTIMIZATION_LEVEL = 0;
				GCC_PREPROCESSOR_DEFINITIONS = (
					"DEBUG=1",
					"$(inherited)",
				);
				GCC_WARN_64_TO_32_BIT_CONVERSION = YES;
				GCC_WARN_ABOUT_RETURN_TYPE = YES_ERROR;
				GCC_WARN_UNDECLARED_SELECTOR = YES;
				GCC_WARN_UNINITIALIZED_AUTOS = YES_AGGRESSIVE;
				GCC_WARN_UNUSED_FUNCTION = YES;
				GCC_WARN_UNUSED_VARIABLE = YES;
				LOCALIZATION_PREFERS_STRING_CATALOGS = YES;
				MTL_ENABLE_DEBUG_INFO = INCLUDE_SOURCE;
				MTL_FAST_MATH = YES;
				ONLY_ACTIVE_ARCH = YES;
				SWIFT_ACTIVE_COMPILATION_CONDITIONS = "DEBUG $(inherited)";
				SWIFT_OPTIMIZATION_LEVEL = "-Onone";
			};
			name = Debug;
		};
		F304C93A2BCA8C7D00D1F3B2 /* Staging */ = {
			isa = XCBuildConfiguration;
			baseConfigurationReference = F360E5CA2BCA93F400632F9A /* Config-Staging.xcconfig */;
			buildSettings = {
				ALWAYS_SEARCH_USER_PATHS = NO;
				ASSETCATALOG_COMPILER_GENERATE_SWIFT_ASSET_SYMBOL_EXTENSIONS = YES;
				CLANG_ANALYZER_NONNULL = YES;
				CLANG_ANALYZER_NUMBER_OBJECT_CONVERSION = YES_AGGRESSIVE;
				CLANG_CXX_LANGUAGE_STANDARD = "gnu++20";
				CLANG_ENABLE_MODULES = YES;
				CLANG_ENABLE_OBJC_ARC = YES;
				CLANG_ENABLE_OBJC_WEAK = YES;
				CLANG_WARN_BLOCK_CAPTURE_AUTORELEASING = YES;
				CLANG_WARN_BOOL_CONVERSION = YES;
				CLANG_WARN_COMMA = YES;
				CLANG_WARN_CONSTANT_CONVERSION = YES;
				CLANG_WARN_DEPRECATED_OBJC_IMPLEMENTATIONS = YES;
				CLANG_WARN_DIRECT_OBJC_ISA_USAGE = YES_ERROR;
				CLANG_WARN_DOCUMENTATION_COMMENTS = YES;
				CLANG_WARN_EMPTY_BODY = YES;
				CLANG_WARN_ENUM_CONVERSION = YES;
				CLANG_WARN_INFINITE_RECURSION = YES;
				CLANG_WARN_INT_CONVERSION = YES;
				CLANG_WARN_NON_LITERAL_NULL_CONVERSION = YES;
				CLANG_WARN_OBJC_IMPLICIT_RETAIN_SELF = YES;
				CLANG_WARN_OBJC_LITERAL_CONVERSION = YES;
				CLANG_WARN_OBJC_ROOT_CLASS = YES_ERROR;
				CLANG_WARN_QUOTED_INCLUDE_IN_FRAMEWORK_HEADER = YES;
				CLANG_WARN_RANGE_LOOP_ANALYSIS = YES;
				CLANG_WARN_STRICT_PROTOTYPES = YES;
				CLANG_WARN_SUSPICIOUS_MOVE = YES;
				CLANG_WARN_UNGUARDED_AVAILABILITY = YES_AGGRESSIVE;
				CLANG_WARN_UNREACHABLE_CODE = YES;
				CLANG_WARN__DUPLICATE_METHOD_MATCH = YES;
				COPY_PHASE_STRIP = NO;
				DEBUG_INFORMATION_FORMAT = "dwarf-with-dsym";
				ENABLE_NS_ASSERTIONS = NO;
				ENABLE_STRICT_OBJC_MSGSEND = YES;
				ENABLE_USER_SCRIPT_SANDBOXING = YES;
				GCC_C_LANGUAGE_STANDARD = gnu17;
				GCC_NO_COMMON_BLOCKS = YES;
				GCC_WARN_64_TO_32_BIT_CONVERSION = YES;
				GCC_WARN_ABOUT_RETURN_TYPE = YES_ERROR;
				GCC_WARN_UNDECLARED_SELECTOR = YES;
				GCC_WARN_UNINITIALIZED_AUTOS = YES_AGGRESSIVE;
				GCC_WARN_UNUSED_FUNCTION = YES;
				GCC_WARN_UNUSED_VARIABLE = YES;
				LOCALIZATION_PREFERS_STRING_CATALOGS = YES;
				MTL_ENABLE_DEBUG_INFO = NO;
				MTL_FAST_MATH = YES;
				SWIFT_COMPILATION_MODE = wholemodule;
			};
			name = Staging;
		};
		F304C93C2BCA8C7D00D1F3B2 /* Debug */ = {
			isa = XCBuildConfiguration;
			buildSettings = {
				ASSETCATALOG_COMPILER_APPICON_NAME = AppIcon;
				ASSETCATALOG_COMPILER_GLOBAL_ACCENT_COLOR_NAME = AccentColor;
				CODE_SIGN_ENTITLEMENTS = iDev/iDev.entitlements;
				CODE_SIGN_STYLE = Automatic;
				CURRENT_PROJECT_VERSION = 4;
				DEVELOPMENT_ASSET_PATHS = "\"iDev/Preview Content\"";
				DEVELOPMENT_TEAM = J2U3223ZY4;
				ENABLE_HARDENED_RUNTIME = YES;
				ENABLE_PREVIEWS = YES;
				GENERATE_INFOPLIST_FILE = YES;
				INFOPLIST_FILE = iDev/Info.plist;
				INFOPLIST_KEY_CFBundleDisplayName = iDev;
				INFOPLIST_KEY_LSApplicationCategoryType = "public.app-category.developer-tools";
				"INFOPLIST_KEY_UIApplicationSceneManifest_Generation[sdk=iphoneos*]" = YES;
				"INFOPLIST_KEY_UIApplicationSceneManifest_Generation[sdk=iphonesimulator*]" = YES;
				"INFOPLIST_KEY_UIApplicationSupportsIndirectInputEvents[sdk=iphoneos*]" = YES;
				"INFOPLIST_KEY_UIApplicationSupportsIndirectInputEvents[sdk=iphonesimulator*]" = YES;
				"INFOPLIST_KEY_UILaunchScreen_Generation[sdk=iphoneos*]" = YES;
				"INFOPLIST_KEY_UILaunchScreen_Generation[sdk=iphonesimulator*]" = YES;
				INFOPLIST_KEY_UILaunchStoryboardName = LaunchScreen.storyboard;
				"INFOPLIST_KEY_UIStatusBarStyle[sdk=iphoneos*]" = UIStatusBarStyleDefault;
				"INFOPLIST_KEY_UIStatusBarStyle[sdk=iphonesimulator*]" = UIStatusBarStyleDefault;
				INFOPLIST_KEY_UISupportedInterfaceOrientations_iPad = "UIInterfaceOrientationPortrait UIInterfaceOrientationPortraitUpsideDown UIInterfaceOrientationLandscapeLeft UIInterfaceOrientationLandscapeRight";
				INFOPLIST_KEY_UISupportedInterfaceOrientations_iPhone = "UIInterfaceOrientationPortrait UIInterfaceOrientationLandscapeLeft UIInterfaceOrientationLandscapeRight";
				IPHONEOS_DEPLOYMENT_TARGET = 16.0;
				LD_RUNPATH_SEARCH_PATHS = "@executable_path/Frameworks";
				"LD_RUNPATH_SEARCH_PATHS[sdk=macosx*]" = "@executable_path/../Frameworks";
				MACOSX_DEPLOYMENT_TARGET = 14.4;
				MARKETING_VERSION = 1.0.0;
				PRODUCT_BUNDLE_IDENTIFIER = io.idev;
				PRODUCT_NAME = "$(TARGET_NAME)";
				SDKROOT = auto;
				SUPPORTED_PLATFORMS = "appletvos appletvsimulator iphoneos iphonesimulator macosx xros xrsimulator";
				SUPPORTS_MACCATALYST = NO;
				SWIFT_EMIT_LOC_STRINGS = YES;
				SWIFT_VERSION = 5.0;
				TARGETED_DEVICE_FAMILY = "1,2,3,7";
			};
			name = Debug;
		};
		F304C93D2BCA8C7D00D1F3B2 /* Staging */ = {
			isa = XCBuildConfiguration;
			buildSettings = {
				ASSETCATALOG_COMPILER_APPICON_NAME = AppIcon;
				ASSETCATALOG_COMPILER_GLOBAL_ACCENT_COLOR_NAME = AccentColor;
				CODE_SIGN_ENTITLEMENTS = iDev/iDev.entitlements;
				CODE_SIGN_STYLE = Automatic;
				CURRENT_PROJECT_VERSION = 4;
				DEVELOPMENT_ASSET_PATHS = "\"iDev/Preview Content\"";
				DEVELOPMENT_TEAM = J2U3223ZY4;
				ENABLE_HARDENED_RUNTIME = YES;
				ENABLE_PREVIEWS = YES;
				GENERATE_INFOPLIST_FILE = YES;
				INFOPLIST_FILE = iDev/Info.plist;
				INFOPLIST_KEY_CFBundleDisplayName = iDev;
				INFOPLIST_KEY_LSApplicationCategoryType = "public.app-category.developer-tools";
				"INFOPLIST_KEY_UIApplicationSceneManifest_Generation[sdk=iphoneos*]" = YES;
				"INFOPLIST_KEY_UIApplicationSceneManifest_Generation[sdk=iphonesimulator*]" = YES;
				"INFOPLIST_KEY_UIApplicationSupportsIndirectInputEvents[sdk=iphoneos*]" = YES;
				"INFOPLIST_KEY_UIApplicationSupportsIndirectInputEvents[sdk=iphonesimulator*]" = YES;
				"INFOPLIST_KEY_UILaunchScreen_Generation[sdk=iphoneos*]" = YES;
				"INFOPLIST_KEY_UILaunchScreen_Generation[sdk=iphonesimulator*]" = YES;
				INFOPLIST_KEY_UILaunchStoryboardName = LaunchScreen.storyboard;
				"INFOPLIST_KEY_UIStatusBarStyle[sdk=iphoneos*]" = UIStatusBarStyleDefault;
				"INFOPLIST_KEY_UIStatusBarStyle[sdk=iphonesimulator*]" = UIStatusBarStyleDefault;
				INFOPLIST_KEY_UISupportedInterfaceOrientations_iPad = "UIInterfaceOrientationPortrait UIInterfaceOrientationPortraitUpsideDown UIInterfaceOrientationLandscapeLeft UIInterfaceOrientationLandscapeRight";
				INFOPLIST_KEY_UISupportedInterfaceOrientations_iPhone = "UIInterfaceOrientationPortrait UIInterfaceOrientationLandscapeLeft UIInterfaceOrientationLandscapeRight";
				IPHONEOS_DEPLOYMENT_TARGET = 16.0;
				LD_RUNPATH_SEARCH_PATHS = "@executable_path/Frameworks";
				"LD_RUNPATH_SEARCH_PATHS[sdk=macosx*]" = "@executable_path/../Frameworks";
				MACOSX_DEPLOYMENT_TARGET = 14.4;
				MARKETING_VERSION = 1.0.0;
				PRODUCT_BUNDLE_IDENTIFIER = io.idev;
				PRODUCT_NAME = "$(TARGET_NAME)";
				SDKROOT = auto;
				SUPPORTED_PLATFORMS = "appletvos appletvsimulator iphoneos iphonesimulator macosx xros xrsimulator";
				SUPPORTS_MACCATALYST = NO;
				SWIFT_EMIT_LOC_STRINGS = YES;
				SWIFT_VERSION = 5.0;
				TARGETED_DEVICE_FAMILY = "1,2,3,7";
			};
			name = Staging;
		};
		F360E5CE2BCA949F00632F9A /* Release */ = {
			isa = XCBuildConfiguration;
			baseConfigurationReference = F360E5CC2BCA93FC00632F9A /* Config-Release.xcconfig */;
			buildSettings = {
				ALWAYS_SEARCH_USER_PATHS = NO;
				ASSETCATALOG_COMPILER_GENERATE_SWIFT_ASSET_SYMBOL_EXTENSIONS = YES;
				CLANG_ANALYZER_NONNULL = YES;
				CLANG_ANALYZER_NUMBER_OBJECT_CONVERSION = YES_AGGRESSIVE;
				CLANG_CXX_LANGUAGE_STANDARD = "gnu++20";
				CLANG_ENABLE_MODULES = YES;
				CLANG_ENABLE_OBJC_ARC = YES;
				CLANG_ENABLE_OBJC_WEAK = YES;
				CLANG_WARN_BLOCK_CAPTURE_AUTORELEASING = YES;
				CLANG_WARN_BOOL_CONVERSION = YES;
				CLANG_WARN_COMMA = YES;
				CLANG_WARN_CONSTANT_CONVERSION = YES;
				CLANG_WARN_DEPRECATED_OBJC_IMPLEMENTATIONS = YES;
				CLANG_WARN_DIRECT_OBJC_ISA_USAGE = YES_ERROR;
				CLANG_WARN_DOCUMENTATION_COMMENTS = YES;
				CLANG_WARN_EMPTY_BODY = YES;
				CLANG_WARN_ENUM_CONVERSION = YES;
				CLANG_WARN_INFINITE_RECURSION = YES;
				CLANG_WARN_INT_CONVERSION = YES;
				CLANG_WARN_NON_LITERAL_NULL_CONVERSION = YES;
				CLANG_WARN_OBJC_IMPLICIT_RETAIN_SELF = YES;
				CLANG_WARN_OBJC_LITERAL_CONVERSION = YES;
				CLANG_WARN_OBJC_ROOT_CLASS = YES_ERROR;
				CLANG_WARN_QUOTED_INCLUDE_IN_FRAMEWORK_HEADER = YES;
				CLANG_WARN_RANGE_LOOP_ANALYSIS = YES;
				CLANG_WARN_STRICT_PROTOTYPES = YES;
				CLANG_WARN_SUSPICIOUS_MOVE = YES;
				CLANG_WARN_UNGUARDED_AVAILABILITY = YES_AGGRESSIVE;
				CLANG_WARN_UNREACHABLE_CODE = YES;
				CLANG_WARN__DUPLICATE_METHOD_MATCH = YES;
				COPY_PHASE_STRIP = NO;
				DEBUG_INFORMATION_FORMAT = "dwarf-with-dsym";
				ENABLE_NS_ASSERTIONS = NO;
				ENABLE_STRICT_OBJC_MSGSEND = YES;
				ENABLE_USER_SCRIPT_SANDBOXING = YES;
				GCC_C_LANGUAGE_STANDARD = gnu17;
				GCC_NO_COMMON_BLOCKS = YES;
				GCC_WARN_64_TO_32_BIT_CONVERSION = YES;
				GCC_WARN_ABOUT_RETURN_TYPE = YES_ERROR;
				GCC_WARN_UNDECLARED_SELECTOR = YES;
				GCC_WARN_UNINITIALIZED_AUTOS = YES_AGGRESSIVE;
				GCC_WARN_UNUSED_FUNCTION = YES;
				GCC_WARN_UNUSED_VARIABLE = YES;
				LOCALIZATION_PREFERS_STRING_CATALOGS = YES;
				MTL_ENABLE_DEBUG_INFO = NO;
				MTL_FAST_MATH = YES;
				SWIFT_COMPILATION_MODE = wholemodule;
			};
			name = Release;
		};
		F360E5CF2BCA949F00632F9A /* Release */ = {
			isa = XCBuildConfiguration;
			buildSettings = {
				ASSETCATALOG_COMPILER_APPICON_NAME = AppIcon;
				ASSETCATALOG_COMPILER_GLOBAL_ACCENT_COLOR_NAME = AccentColor;
				CODE_SIGN_ENTITLEMENTS = iDev/iDev.entitlements;
				CODE_SIGN_STYLE = Automatic;
				CURRENT_PROJECT_VERSION = 4;
				DEVELOPMENT_ASSET_PATHS = "\"iDev/Preview Content\"";
				DEVELOPMENT_TEAM = J2U3223ZY4;
				ENABLE_HARDENED_RUNTIME = YES;
				ENABLE_PREVIEWS = YES;
				GENERATE_INFOPLIST_FILE = YES;
				INFOPLIST_FILE = iDev/Info.plist;
				INFOPLIST_KEY_CFBundleDisplayName = iDev;
				INFOPLIST_KEY_LSApplicationCategoryType = "public.app-category.developer-tools";
				"INFOPLIST_KEY_UIApplicationSceneManifest_Generation[sdk=iphoneos*]" = YES;
				"INFOPLIST_KEY_UIApplicationSceneManifest_Generation[sdk=iphonesimulator*]" = YES;
				"INFOPLIST_KEY_UIApplicationSupportsIndirectInputEvents[sdk=iphoneos*]" = YES;
				"INFOPLIST_KEY_UIApplicationSupportsIndirectInputEvents[sdk=iphonesimulator*]" = YES;
				"INFOPLIST_KEY_UILaunchScreen_Generation[sdk=iphoneos*]" = YES;
				"INFOPLIST_KEY_UILaunchScreen_Generation[sdk=iphonesimulator*]" = YES;
				INFOPLIST_KEY_UILaunchStoryboardName = LaunchScreen.storyboard;
				"INFOPLIST_KEY_UIStatusBarStyle[sdk=iphoneos*]" = UIStatusBarStyleDefault;
				"INFOPLIST_KEY_UIStatusBarStyle[sdk=iphonesimulator*]" = UIStatusBarStyleDefault;
				INFOPLIST_KEY_UISupportedInterfaceOrientations_iPad = "UIInterfaceOrientationPortrait UIInterfaceOrientationPortraitUpsideDown UIInterfaceOrientationLandscapeLeft UIInterfaceOrientationLandscapeRight";
				INFOPLIST_KEY_UISupportedInterfaceOrientations_iPhone = "UIInterfaceOrientationPortrait UIInterfaceOrientationLandscapeLeft UIInterfaceOrientationLandscapeRight";
				IPHONEOS_DEPLOYMENT_TARGET = 16.0;
				LD_RUNPATH_SEARCH_PATHS = "@executable_path/Frameworks";
				"LD_RUNPATH_SEARCH_PATHS[sdk=macosx*]" = "@executable_path/../Frameworks";
				MACOSX_DEPLOYMENT_TARGET = 14.4;
				MARKETING_VERSION = 1.0.0;
				PRODUCT_BUNDLE_IDENTIFIER = io.idev;
				PRODUCT_NAME = "$(TARGET_NAME)";
				SDKROOT = auto;
				SUPPORTED_PLATFORMS = "appletvos appletvsimulator iphoneos iphonesimulator macosx xros xrsimulator";
				SUPPORTS_MACCATALYST = NO;
				SWIFT_EMIT_LOC_STRINGS = YES;
				SWIFT_VERSION = 5.0;
				TARGETED_DEVICE_FAMILY = "1,2,3,7";
			};
			name = Release;
		};
/* End XCBuildConfiguration section */

/* Begin XCConfigurationList section */
		F304C9272BCA8C7B00D1F3B2 /* Build configuration list for PBXProject "iDev" */ = {
			isa = XCConfigurationList;
			buildConfigurations = (
				F304C9392BCA8C7D00D1F3B2 /* Debug */,
				F304C93A2BCA8C7D00D1F3B2 /* Staging */,
				F360E5CE2BCA949F00632F9A /* Release */,
			);
			defaultConfigurationIsVisible = 0;
			defaultConfigurationName = Staging;
		};
		F304C93B2BCA8C7D00D1F3B2 /* Build configuration list for PBXNativeTarget "iDev" */ = {
			isa = XCConfigurationList;
			buildConfigurations = (
				F304C93C2BCA8C7D00D1F3B2 /* Debug */,
				F304C93D2BCA8C7D00D1F3B2 /* Staging */,
				F360E5CF2BCA949F00632F9A /* Release */,
			);
			defaultConfigurationIsVisible = 0;
			defaultConfigurationName = Staging;
		};
/* End XCConfigurationList section */

/* Begin XCRemoteSwiftPackageReference section */
		F360E5D22BCA9AC000632F9A /* XCRemoteSwiftPackageReference "firebase-ios-sdk" */ = {
			isa = XCRemoteSwiftPackageReference;
			repositoryURL = "https://github.com/firebase/firebase-ios-sdk";
			requirement = {
				kind = upToNextMajorVersion;
				minimumVersion = 10.24.0;
			};
		};
/* End XCRemoteSwiftPackageReference section */

/* Begin XCSwiftPackageProductDependency section */
		F360E5D32BCA9AD800632F9A /* FirebaseAuth */ = {
			isa = XCSwiftPackageProductDependency;
			package = F360E5D22BCA9AC000632F9A /* XCRemoteSwiftPackageReference "firebase-ios-sdk" */;
			productName = FirebaseAuth;
		};
		F360E5D52BCA9AD800632F9A /* FirebaseMessaging */ = {
			isa = XCSwiftPackageProductDependency;
			package = F360E5D22BCA9AC000632F9A /* XCRemoteSwiftPackageReference "firebase-ios-sdk" */;
			productName = FirebaseMessaging;
		};
/* End XCSwiftPackageProductDependency section */
	};
	rootObject = F304C9242BCA8C7B00D1F3B2 /* Project object */;
}
